{
  "name": "client",
  "version": "0.1.0",
  "lockfileVersion": 1,
  "requires": true,
  "dependencies": {
    "uikit-react": {
      "version": "3.0.18",
      "resolved": "https://registry.npmjs.org/uikit-react/-/uikit-react-3.0.18.tgz",
      "integrity": "sha512-iZrF8gFD7E5cPYrIKZWJ61UvBr8Ll4s3bguCyM9KKAwgLrhshEunF+HiIE4bCd9360buLhs/fMCqTqZOMxZ+9g=="
    }
  }
}
